schema: '2.0'
stages:
  preprocess:
    cmd: python scripts/preprocess.py
    deps:
    - path: data/raw/arxiv_raw.csv
      md5: 700b601ba33941b1c43b50da539211b5
      size: 7025160
    - path: data/raw/biorxiv_raw.csv
      md5: e08273e5c158ae8d4f780b6131d74ca7
      size: 53702451
    - path: data/raw/pubmed_raw.csv
      md5: 3adbc5b6eb565fa98a26d67dbee40a14
      size: 458192680
    - path: data/raw/scopus_raw.csv
      md5: b710ece2fff58f13adc49163380f5fc0
      size: 1314681357
    - path: scripts/preprocess.py
      md5: fea1318dfb56b1728390247a0060f26e
      size: 3125
    outs:
    - path: data/prepared/arxiv_covid_19.csv
      md5: 6233d651be2196439be1281c34bbe01b
      size: 7602307
    - path: data/prepared/biorxiv_covid_19.csv
      md5: d3f9988e980806e54d3af9126f4c5bcb
      size: 65914072
    - path: data/prepared/pubmed_covid_19.csv
      md5: 8e3139f8a761df8b4b0e84398929ebe1
      size: 441642692
    - path: data/prepared/scopus_covid_19.csv
      md5: 33d4b57132b9dd654e80f851c79137d5
      size: 1135141949
  merge:
    cmd: python scripts/merge_datasets.py
    deps:
    - path: data/prepared/arxiv_covid_19.csv
      md5: 6233d651be2196439be1281c34bbe01b
      size: 7602307
    - path: data/prepared/biorxiv_covid_19.csv
      md5: d3f9988e980806e54d3af9126f4c5bcb
      size: 65914072
    - path: data/prepared/pubmed_covid_19.csv
      md5: 8e3139f8a761df8b4b0e84398929ebe1
      size: 441642692
    - path: data/prepared/scopus_covid_19.csv
      md5: 33d4b57132b9dd654e80f851c79137d5
      size: 1135141949
    - path: scripts/merge_datasets.py
      md5: 3d650209936a6d96a2bc5f2f93501e12
      size: 16804
    outs:
    - path: data/raw/final_raw.csv
      md5: 0465fb8ba4811754537cbccad30a25bc
      size: 1362214844
  preprocess_final:
    cmd: python scripts/preprocess.py final
    deps:
    - path: data/raw/final_raw.csv
      md5: 0465fb8ba4811754537cbccad30a25bc
      size: 1362214844
    - path: scripts/preprocess.py
      md5: fea1318dfb56b1728390247a0060f26e
      size: 3125
    outs:
    - path: data/prepared/final_covid_19.csv
      md5: 92b89851a94ebe5110081137b5bad910
      size: 1401206664
