schema: '2.0'
stages:
  preprocess:
    cmd: python scripts/preprocess.py
    deps:
    - path: data/raw/arxiv_raw.csv
      md5: 700b601ba33941b1c43b50da539211b5
      size: 7025160
    - path: data/raw/biorxiv_raw.csv
      md5: e08273e5c158ae8d4f780b6131d74ca7
      size: 53702451
    - path: data/raw/pubmed_raw.csv
      md5: 3adbc5b6eb565fa98a26d67dbee40a14
      size: 458192680
    - path: data/raw/scopus_raw.csv
      md5: b710ece2fff58f13adc49163380f5fc0
      size: 1314681357
    - path: scripts/preprocess.py
      md5: fea1318dfb56b1728390247a0060f26e
      size: 3125
    outs:
    - path: data/prepared/arxiv_covid_19.csv
      md5: 47b1dd8524502033efa05330bce3f5ce
      size: 7602253
    - path: data/prepared/biorxiv_covid_19.csv
      md5: 5b04f770213da5e6bb93651b91fea0a1
      size: 65911895
    - path: data/prepared/pubmed_covid_19.csv
      md5: 1539b4fe3320fa5aa3fbfc093d3b0423
      size: 441640004
    - path: data/prepared/scopus_covid_19.csv
      md5: 549a576ac8bb25b16f6c45bd60053249
      size: 1135142596
  merge:
    cmd: python scripts/merge_datasets.py
    deps:
    - path: data/prepared/arxiv_covid_19.csv
      md5: 47b1dd8524502033efa05330bce3f5ce
      size: 7602253
    - path: data/prepared/biorxiv_covid_19.csv
      md5: 5b04f770213da5e6bb93651b91fea0a1
      size: 65911895
    - path: data/prepared/pubmed_covid_19.csv
      md5: 1539b4fe3320fa5aa3fbfc093d3b0423
      size: 441640004
    - path: data/prepared/scopus_covid_19.csv
      md5: 549a576ac8bb25b16f6c45bd60053249
      size: 1135142596
    - path: scripts/merge_datasets.py
      md5: 3d650209936a6d96a2bc5f2f93501e12
      size: 16804
    outs:
    - path: data/raw/final_raw.csv
      md5: 60f26d5672a4cb811e0ef8f3f172890f
      size: 1362212602
  preprocess_final:
    cmd: python scripts/preprocess.py final
    deps:
    - path: data/raw/final_raw.csv
      md5: 60f26d5672a4cb811e0ef8f3f172890f
      size: 1362212602
    - path: scripts/preprocess.py
      md5: fea1318dfb56b1728390247a0060f26e
      size: 3125
    outs:
    - path: data/prepared/final_covid_19.csv
      md5: 66ce368389ba37f9f1f88568b8224ff9
      size: 1401204171
